
Microsoft Visual Studio Solution File, Format Version 12.00
# Visual Studio 15
VisualStudioVersion = 15.0.28307.572
MinimumVisualStudioVersion = 10.0.40219.1
Project("{FAE04EC0-301F-11D3-BF4B-00C04F79EFBC}") = "ConsoleApp1", "ConsoleApp1\ConsoleApp1.csproj", "{CF677451-BA1F-4004-B29E-C14D863D76A4}"
EndProject
Global
	GlobalSection(SolutionConfigurationPlatforms) = preSolution
		Debug|Any CPU = Debug|Any CPU
		Release|Any CPU = Release|Any CPU
	EndGlobalSection
	GlobalSection(ProjectConfigurationPlatforms) = postSolution
		{CF677451-BA1F-4004-B29E-C14D863D76A4}.Debug|Any CPU.ActiveCfg = Debug|Any CPU
		{CF677451-BA1F-4004-B29E-C14D863D76A4}.Debug|Any CPU.Build.0 = Debug|Any CPU
		{CF677451-BA1F-4004-B29E-C14D863D76A4}.Release|Any CPU.ActiveCfg = Release|Any CPU
		{CF677451-BA1F-4004-B29E-C14D863D76A4}.Release|Any CPU.Build.0 = Release|Any CPU
	EndGlobalSection
	GlobalSection(SolutionProperties) = preSolution
		HideSolutionNode = FALSE
	EndGlobalSection
	GlobalSection(ExtensibilityGlobals) = postSolution
		SolutionGuid = {461D5612-B86A-44EB-B6DA-F27B293E830C}
	EndGlobalSection
EndGlobal
